// !$*UTF8*$!
{
	archiveVersion = 1;
	classes = {
	};
	objectVersion = 50;
	objects = {

/* Begin PBXBuildFile section */
		847349002554E81F009E7C66 /* AppDelegate.swift in Sources */ = {isa = PBXBuildFile; fileRef = 847348FF2554E81F009E7C66 /* AppDelegate.swift */; };
		847349022554E81F009E7C66 /* SceneDelegate.swift in Sources */ = {isa = PBXBuildFile; fileRef = 847349012554E81F009E7C66 /* SceneDelegate.swift */; };
		847349042554E81F009E7C66 /* ViewController.swift in Sources */ = {isa = PBXBuildFile; fileRef = 847349032554E81F009E7C66 /* ViewController.swift */; };
		847349072554E81F009E7C66 /* Main.storyboard in Resources */ = {isa = PBXBuildFile; fileRef = 847349052554E81F009E7C66 /* Main.storyboard */; };
		847349092554E821009E7C66 /* Assets.xcassets in Resources */ = {isa = PBXBuildFile; fileRef = 847349082554E821009E7C66 /* Assets.xcassets */; };
		8473490C2554E821009E7C66 /* LaunchScreen.storyboard in Resources */ = {isa = PBXBuildFile; fileRef = 8473490A2554E821009E7C66 /* LaunchScreen.storyboard */; };
		847349152554E844009E7C66 /* presidents.json in Resources */ = {isa = PBXBuildFile; fileRef = 847349142554E844009E7C66 /* presidents.json */; };
		847349182554E89B009E7C66 /* President.swift in Sources */ = {isa = PBXBuildFile; fileRef = 847349172554E89B009E7C66 /* President.swift */; };
		847349212554E9E1009E7C66 /* Parsing_Json_Using_BundleTests.swift in Sources */ = {isa = PBXBuildFile; fileRef = 847349202554E9E1009E7C66 /* Parsing_Json_Using_BundleTests.swift */; };
/* End PBXBuildFile section */

/* Begin PBXContainerItemProxy section */
		847349232554E9E1009E7C66 /* PBXContainerItemProxy */ = {
			isa = PBXContainerItemProxy;
			containerPortal = 847348F42554E81F009E7C66 /* Project object */;
			proxyType = 1;
			remoteGlobalIDString = 847348FB2554E81F009E7C66;
			remoteInfo = "Parsing-Json-Using-Bundle";
		};
/* End PBXContainerItemProxy section */

/* Begin PBXFileReference section */
		847348FC2554E81F009E7C66 /* Parsing-Json-Using-Bundle.app */ = {isa = PBXFileReference; explicitFileType = wrapper.application; includeInIndex = 0; path = "Parsing-Json-Using-Bundle.app"; sourceTree = BUILT_PRODUCTS_DIR; };
		847348FF2554E81F009E7C66 /* AppDelegate.swift */ = {isa = PBXFileReference; lastKnownFileType = sourcecode.swift; path = AppDelegate.swift; sourceTree = "<group>"; };
		847349012554E81F009E7C66 /* SceneDelegate.swift */ = {isa = PBXFileReference; lastKnownFileType = sourcecode.swift; path = SceneDelegate.swift; sourceTree = "<group>"; };
		847349032554E81F009E7C66 /* ViewController.swift */ = {isa = PBXFileReference; lastKnownFileType = sourcecode.swift; path = ViewController.swift; sourceTree = "<group>"; };
		847349062554E81F009E7C66 /* Base */ = {isa = PBXFileReference; lastKnownFileType = file.storyboard; name = Base; path = Base.lproj/Main.storyboard; sourceTree = "<group>"; };
		847349082554E821009E7C66 /* Assets.xcassets */ = {isa = PBXFileReference; lastKnownFileType = folder.assetcatalog; path = Assets.xcassets; sourceTree = "<group>"; };
		8473490B2554E821009E7C66 /* Base */ = {isa = PBXFileReference; lastKnownFileType = file.storyboard; name = Base; path = Base.lproj/LaunchScreen.storyboard; sourceTree = "<group>"; };
		8473490D2554E821009E7C66 /* Info.plist */ = {isa = PBXFileReference; lastKnownFileType = text.plist.xml; path = Info.plist; sourceTree = "<group>"; };
		847349142554E844009E7C66 /* presidents.json */ = {isa = PBXFileReference; lastKnownFileType = text.json; path = presidents.json; sourceTree = "<group>"; };
		847349172554E89B009E7C66 /* President.swift */ = {isa = PBXFileReference; lastKnownFileType = sourcecode.swift; path = President.swift; sourceTree = "<group>"; };
		8473491E2554E9E1009E7C66 /* Parsing-Json-Using-BundleTests.xctest */ = {isa = PBXFileReference; explicitFileType = wrapper.cfbundle; includeInIndex = 0; path = "Parsing-Json-Using-BundleTests.xctest"; sourceTree = BUILT_PRODUCTS_DIR; };
		847349202554E9E1009E7C66 /* Parsing_Json_Using_BundleTests.swift */ = {isa = PBXFileReference; lastKnownFileType = sourcecode.swift; path = Parsing_Json_Using_BundleTests.swift; sourceTree = "<group>"; };
		847349222554E9E1009E7C66 /* Info.plist */ = {isa = PBXFileReference; lastKnownFileType = text.plist.xml; path = Info.plist; sourceTree = "<group>"; };
/* End PBXFileReference section */

/* Begin PBXFrameworksBuildPhase section */
		847348F92554E81F009E7C66 /* Frameworks */ = {
			isa = PBXFrameworksBuildPhase;
			buildActionMask = 2147483647;
			files = (
			);
			runOnlyForDeploymentPostprocessing = 0;
		};
		8473491B2554E9E1009E7C66 /* Frameworks */ = {
			isa = PBXFrameworksBuildPhase;
			buildActionMask = 2147483647;
			files = (
			);
			runOnlyForDeploymentPostprocessing = 0;
		};
/* End PBXFrameworksBuildPhase section */

/* Begin PBXGroup section */
		847348F32554E81F009E7C66 = {
			isa = PBXGroup;
			children = (
				847348FE2554E81F009E7C66 /* Parsing-Json-Using-Bundle */,
				8473491F2554E9E1009E7C66 /* Parsing-Json-Using-BundleTests */,
				847348FD2554E81F009E7C66 /* Products */,
			);
			sourceTree = "<group>";
		};
		847348FD2554E81F009E7C66 /* Products */ = {
			isa = PBXGroup;
			children = (
				847348FC2554E81F009E7C66 /* Parsing-Json-Using-Bundle.app */,
				8473491E2554E9E1009E7C66 /* Parsing-Json-Using-BundleTests.xctest */,
			);
			name = Products;
			sourceTree = "<group>";
		};
		847348FE2554E81F009E7C66 /* Parsing-Json-Using-Bundle */ = {
			isa = PBXGroup;
			children = (
				847348FF2554E81F009E7C66 /* AppDelegate.swift */,
				847349012554E81F009E7C66 /* SceneDelegate.swift */,
				847349032554E81F009E7C66 /* ViewController.swift */,
				847349052554E81F009E7C66 /* Main.storyboard */,
				847349142554E844009E7C66 /* presidents.json */,
				847349172554E89B009E7C66 /* President.swift */,
				847349082554E821009E7C66 /* Assets.xcassets */,
				8473490A2554E821009E7C66 /* LaunchScreen.storyboard */,
				8473490D2554E821009E7C66 /* Info.plist */,
			);
			path = "Parsing-Json-Using-Bundle";
			sourceTree = "<group>";
		};
		8473491F2554E9E1009E7C66 /* Parsing-Json-Using-BundleTests */ = {
			isa = PBXGroup;
			children = (
				847349202554E9E1009E7C66 /* Parsing_Json_Using_BundleTests.swift */,
				847349222554E9E1009E7C66 /* Info.plist */,
			);
			path = "Parsing-Json-Using-BundleTests";
			sourceTree = "<group>";
		};
/* End PBXGroup section */

/* Begin PBXNativeTarget section */
		847348FB2554E81F009E7C66 /* Parsing-Json-Using-Bundle */ = {
			isa = PBXNativeTarget;
			buildConfigurationList = 847349102554E821009E7C66 /* Build configuration list for PBXNativeTarget "Parsing-Json-Using-Bundle" */;
			buildPhases = (
				847348F82554E81F009E7C66 /* Sources */,
				847348F92554E81F009E7C66 /* Frameworks */,
				847348FA2554E81F009E7C66 /* Resources */,
			);
			buildRules = (
			);
			dependencies = (
			);
			name = "Parsing-Json-Using-Bundle";
			productName = "Parsing-Json-Using-Bundle";
			productReference = 847348FC2554E81F009E7C66 /* Parsing-Json-Using-Bundle.app */;
			productType = "com.apple.product-type.application";
		};
		8473491D2554E9E1009E7C66 /* Parsing-Json-Using-BundleTests */ = {
			isa = PBXNativeTarget;
			buildConfigurationList = 847349252554E9E1009E7C66 /* Build configuration list for PBXNativeTarget "Parsing-Json-Using-BundleTests" */;
			buildPhases = (
				8473491A2554E9E1009E7C66 /* Sources */,
				8473491B2554E9E1009E7C66 /* Frameworks */,
				8473491C2554E9E1009E7C66 /* Resources */,
			);
			buildRules = (
			);
			dependencies = (
				847349242554E9E1009E7C66 /* PBXTargetDependency */,
			);
			name = "Parsing-Json-Using-BundleTests";
			productName = "Parsing-Json-Using-BundleTests";
			productReference = 8473491E2554E9E1009E7C66 /* Parsing-Json-Using-BundleTests.xctest */;
			productType = "com.apple.product-type.bundle.unit-test";
		};
/* End PBXNativeTarget section */

/* Begin PBXProject section */
		847348F42554E81F009E7C66 /* Project object */ = {
			isa = PBXProject;
			attributes = {
				LastSwiftUpdateCheck = 1210;
				LastUpgradeCheck = 1210;
				TargetAttributes = {
					847348FB2554E81F009E7C66 = {
						CreatedOnToolsVersion = 12.1;
					};
					8473491D2554E9E1009E7C66 = {
						CreatedOnToolsVersion = 12.1;
						TestTargetID = 847348FB2554E81F009E7C66;
					};
				};
			};
			buildConfigurationList = 847348F72554E81F009E7C66 /* Build configuration list for PBXProject "Parsing-Json-Using-Bundle" */;
			compatibilityVersion = "Xcode 9.3";
			developmentRegion = en;
			hasScannedForEncodings = 0;
			knownRegions = (
				en,
				Base,
			);
			mainGroup = 847348F32554E81F009E7C66;
			productRefGroup = 847348FD2554E81F009E7C66 /* Products */;
			projectDirPath = "";
			projectRoot = "";
			targets = (
				847348FB2554E81F009E7C66 /* Parsing-Json-Using-Bundle */,
				8473491D2554E9E1009E7C66 /* Parsing-Json-Using-BundleTests */,
			);
		};
/* End PBXProject section */

/* Begin PBXResourcesBuildPhase section */
		847348FA2554E81F009E7C66 /* Resources */ = {
			isa = PBXResourcesBuildPhase;
			buildActionMask = 2147483647;
			files = (
				847349152554E844009E7C66 /* presidents.json in Resources */,
				8473490C2554E821009E7C66 /* LaunchScreen.storyboard in Resources */,
				847349092554E821009E7C66 /* Assets.xcassets in Resources */,
				847349072554E81F009E7C66 /* Main.storyboard in Resources */,
			);
			runOnlyForDeploymentPostprocessing = 0;
		};
		8473491C2554E9E1009E7C66 /* Resources */ = {
			isa = PBXResourcesBuildPhase;
			buildActionMask = 2147483647;
			files = (
			);
			runOnlyForDeploymentPostprocessing = 0;
		};
/* End PBXResourcesBuildPhase section */

/* Begin PBXSourcesBuildPhase section */
		847348F82554E81F009E7C66 /* Sources */ = {
			isa = PBXSourcesBuildPhase;
			buildActionMask = 2147483647;
			files = (
				847349182554E89B009E7C66 /* President.swift in Sources */,
				847349042554E81F009E7C66 /* ViewController.swift in Sources */,
				847349002554E81F009E7C66 /* AppDelegate.swift in Sources */,
				847349022554E81F009E7C66 /* SceneDelegate.swift in Sources */,
			);
			runOnlyForDeploymentPostprocessing = 0;
		};
		8473491A2554E9E1009E7C66 /* Sources */ = {
			isa = PBXSourcesBuildPhase;
			buildActionMask = 2147483647;
			files = (
				847349212554E9E1009E7C66 /* Parsing_Json_Using_BundleTests.swift in Sources */,
			);
			runOnlyForDeploymentPostprocessing = 0;
		};
/* End PBXSourcesBuildPhase section */

/* Begin PBXTargetDependency section */
		847349242554E9E1009E7C66 /* PBXTargetDependency */ = {
			isa = PBXTargetDependency;
			target = 847348FB2554E81F009E7C66 /* Parsing-Json-Using-Bundle */;
			targetProxy = 847349232554E9E1009E7C66 /* PBXContainerItemProxy */;
		};
/* End PBXTargetDependency section */

/* Begin PBXVariantGroup section */
		847349052554E81F009E7C66 /* Main.storyboard */ = {
			isa = PBXVariantGroup;
			children = (
				847349062554E81F009E7C66 /* Base */,
			);
			name = Main.storyboard;
			sourceTree = "<group>";
		};
		8473490A2554E821009E7C66 /* LaunchScreen.storyboard */ = {
			isa = PBXVariantGroup;
			children = (
				8473490B2554E821009E7C66 /* Base */,
			);
			name = LaunchScreen.storyboard;
			sourceTree = "<group>";
		};
/* End PBXVariantGroup section */

/* Begin XCBuildConfiguration section */
		8473490E2554E821009E7C66 /* Debug */ = {
			isa = XCBuildConfiguration;
			buildSettings = {
				ALWAYS_SEARCH_USER_PATHS = NO;
				CLANG_ANALYZER_NONNULL = YES;
				CLANG_ANALYZER_NUMBER_OBJECT_CONVERSION = YES_AGGRESSIVE;
				CLANG_CXX_LANGUAGE_STANDARD = "gnu++14";
				CLANG_CXX_LIBRARY = "libc++";
				CLANG_ENABLE_MODULES = YES;
				CLANG_ENABLE_OBJC_ARC = YES;
				CLANG_ENABLE_OBJC_WEAK = YES;
				CLANG_WARN_BLOCK_CAPTURE_AUTORELEASING = YES;
				CLANG_WARN_BOOL_CONVERSION = YES;
				CLANG_WARN_COMMA = YES;
				CLANG_WARN_CONSTANT_CONVERSION = YES;
				CLANG_WARN_DEPRECATED_OBJC_IMPLEMENTATIONS = YES;
				CLANG_WARN_DIRECT_OBJC_ISA_USAGE = YES_ERROR;
				CLANG_WARN_DOCUMENTATION_COMMENTS = YES;
				CLANG_WARN_EMPTY_BODY = YES;
				CLANG_WARN_ENUM_CONVERSION = YES;
				CLANG_WARN_INFINITE_RECURSION = YES;
				CLANG_WARN_INT_CONVERSION = YES;
				CLANG_WARN_NON_LITERAL_NULL_CONVERSION = YES;
				CLANG_WARN_OBJC_IMPLICIT_RETAIN_SELF = YES;
				CLANG_WARN_OBJC_LITERAL_CONVERSION = YES;
				CLANG_WARN_OBJC_ROOT_CLASS = YES_ERROR;
				CLANG_WARN_QUOTED_INCLUDE_IN_FRAMEWORK_HEADER = YES;
				CLANG_WARN_RANGE_LOOP_ANALYSIS = YES;
				CLANG_WARN_STRICT_PROTOTYPES = YES;
				CLANG_WARN_SUSPICIOUS_MOVE = YES;
				CLANG_WARN_UNGUARDED_AVAILABILITY = YES_AGGRESSIVE;
				CLANG_WARN_UNREACHABLE_CODE = YES;
				CLANG_WARN__DUPLICATE_METHOD_MATCH = YES;
				COPY_PHASE_STRIP = NO;
				DEBUG_INFORMATION_FORMAT = dwarf;
				ENABLE_STRICT_OBJC_MSGSEND = YES;
				ENABLE_TESTABILITY = YES;
				GCC_C_LANGUAGE_STANDARD = gnu11;
				GCC_DYNAMIC_NO_PIC = NO;
				GCC_NO_COMMON_BLOCKS = YES;
				GCC_OPTIMIZATION_LEVEL = 0;
				GCC_PREPROCESSOR_DEFINITIONS = (
					"DEBUG=1",
					"$(inherited)",
				);
				GCC_WARN_64_TO_32_BIT_CONVERSION = YES;
				GCC_WARN_ABOUT_RETURN_TYPE = YES_ERROR;
				GCC_WARN_UNDECLARED_SELECTOR = YES;
				GCC_WARN_UNINITIALIZED_AUTOS = YES_AGGRESSIVE;
				GCC_WARN_UNUSED_FUNCTION = YES;
				GCC_WARN_UNUSED_VARIABLE = YES;
				IPHONEOS_DEPLOYMENT_TARGET = 14.1;
				MTL_ENABLE_DEBUG_INFO = INCLUDE_SOURCE;
				MTL_FAST_MATH = YES;
				ONLY_ACTIVE_ARCH = YES;
				SDKROOT = iphoneos;
				SWIFT_ACTIVE_COMPILATION_CONDITIONS = DEBUG;
				SWIFT_OPTIMIZATION_LEVEL = "-Onone";
			};
			name = Debug;
		};
		8473490F2554E821009E7C66 /* Release */ = {
			isa = XCBuildConfiguration;
			buildSettings = {
				ALWAYS_SEARCH_USER_PATHS = NO;
				CLANG_ANALYZER_NONNULL = YES;
				CLANG_ANALYZER_NUMBER_OBJECT_CONVERSION = YES_AGGRESSIVE;
				CLANG_CXX_LANGUAGE_STANDARD = "gnu++14";
				CLANG_CXX_LIBRARY = "libc++";
				CLANG_ENABLE_MODULES = YES;
				CLANG_ENABLE_OBJC_ARC = YES;
				CLANG_ENABLE_OBJC_WEAK = YES;
				CLANG_WARN_BLOCK_CAPTURE_AUTORELEASING = YES;
				CLANG_WARN_BOOL_CONVERSION = YES;
				CLANG_WARN_COMMA = YES;
				CLANG_WARN_CONSTANT_CONVERSION = YES;
				CLANG_WARN_DEPRECATED_OBJC_IMPLEMENTATIONS = YES;
				CLANG_WARN_DIRECT_OBJC_ISA_USAGE = YES_ERROR;
				CLANG_WARN_DOCUMENTATION_COMMENTS = YES;
				CLANG_WARN_EMPTY_BODY = YES;
				CLANG_WARN_ENUM_CONVERSION = YES;
				CLANG_WARN_INFINITE_RECURSION = YES;
				CLANG_WARN_INT_CONVERSION = YES;
				CLANG_WARN_NON_LITERAL_NULL_CONVERSION = YES;
				CLANG_WARN_OBJC_IMPLICIT_RETAIN_SELF = YES;
				CLANG_WARN_OBJC_LITERAL_CONVERSION = YES;
				CLANG_WARN_OBJC_ROOT_CLASS = YES_ERROR;
				CLANG_WARN_QUOTED_INCLUDE_IN_FRAMEWORK_HEADER = YES;
				CLANG_WARN_RANGE_LOOP_ANALYSIS = YES;
				CLANG_WARN_STRICT_PROTOTYPES = YES;
				CLANG_WARN_SUSPICIOUS_MOVE = YES;
				CLANG_WARN_UNGUARDED_AVAILABILITY = YES_AGGRESSIVE;
				CLANG_WARN_UNREACHABLE_CODE = YES;
				CLANG_WARN__DUPLICATE_METHOD_MATCH = YES;
				COPY_PHASE_STRIP = NO;
				DEBUG_INFORMATION_FORMAT = "dwarf-with-dsym";
				ENABLE_NS_ASSERTIONS = NO;
				ENABLE_STRICT_OBJC_MSGSEND = YES;
				GCC_C_LANGUAGE_STANDARD = gnu11;
				GCC_NO_COMMON_BLOCKS = YES;
				GCC_WARN_64_TO_32_BIT_CONVERSION = YES;
				GCC_WARN_ABOUT_RETURN_TYPE = YES_ERROR;
				GCC_WARN_UNDECLARED_SELECTOR = YES;
				GCC_WARN_UNINITIALIZED_AUTOS = YES_AGGRESSIVE;
				GCC_WARN_UNUSED_FUNCTION = YES;
				GCC_WARN_UNUSED_VARIABLE = YES;
				IPHONEOS_DEPLOYMENT_TARGET = 14.1;
				MTL_ENABLE_DEBUG_INFO = NO;
				MTL_FAST_MATH = YES;
				SDKROOT = iphoneos;
				SWIFT_COMPILATION_MODE = wholemodule;
				SWIFT_OPTIMIZATION_LEVEL = "-O";
				VALIDATE_PRODUCT = YES;
			};
			name = Release;
		};
		847349112554E821009E7C66 /* Debug */ = {
			isa = XCBuildConfiguration;
			buildSettings = {
				ASSETCATALOG_COMPILER_APPICON_NAME = AppIcon;
				ASSETCATALOG_COMPILER_GLOBAL_ACCENT_COLOR_NAME = AccentColor;
				CODE_SIGN_STYLE = Automatic;
				DEVELOPMENT_TEAM = 83DYP84L8W;
				INFOPLIST_FILE = "Parsing-Json-Using-Bundle/Info.plist";
				LD_RUNPATH_SEARCH_PATHS = (
					"$(inherited)",
					"@executable_path/Frameworks",
				);
				PRODUCT_BUNDLE_IDENTIFIER = "Tsering-Lama.Parsing-Json-Using-Bundle";
				PRODUCT_NAME = "$(TARGET_NAME)";
				SWIFT_VERSION = 5.0;
				TARGETED_DEVICE_FAMILY = "1,2";
			};
			name = Debug;
		};
		847349122554E821009E7C66 /* Release */ = {
			isa = XCBuildConfiguration;
			buildSettings = {
				ASSETCATALOG_COMPILER_APPICON_NAME = AppIcon;
				ASSETCATALOG_COMPILER_GLOBAL_ACCENT_COLOR_NAME = AccentColor;
				CODE_SIGN_STYLE = Automatic;
				DEVELOPMENT_TEAM = 83DYP84L8W;
				INFOPLIST_FILE = "Parsing-Json-Using-Bundle/Info.plist";
				LD_RUNPATH_SEARCH_PATHS = (
					"$(inherited)",
					"@executable_path/Frameworks",
				);
				PRODUCT_BUNDLE_IDENTIFIER = "Tsering-Lama.Parsing-Json-Using-Bundle";
				PRODUCT_NAME = "$(TARGET_NAME)";
				SWIFT_VERSION = 5.0;
				TARGETED_DEVICE_FAMILY = "1,2";
			};
			name = Release;
		};
		847349262554E9E1009E7C66 /* Debug */ = {
			isa = XCBuildConfiguration;
			buildSettings = {
				BUNDLE_LOADER = "$(TEST_HOST)";
				CODE_SIGN_STYLE = Automatic;
				DEVELOPMENT_TEAM = 83DYP84L8W;
				INFOPLIST_FILE = "Parsing-Json-Using-BundleTests/Info.plist";
				LD_RUNPATH_SEARCH_PATHS = (
					"$(inherited)",
					"@executable_path/Frameworks",
					"@loader_path/Frameworks",
				);
				PRODUCT_BUNDLE_IDENTIFIER = "Tsering-Lama.Parsing-Json-Using-BundleTests";
				PRODUCT_NAME = "$(TARGET_NAME)";
				SWIFT_VERSION = 5.0;
				TARGETED_DEVICE_FAMILY = "1,2";
				TEST_HOST = "$(BUILT_PRODUCTS_DIR)/Parsing-Json-Using-Bundle.app/Parsing-Json-Using-Bundle";
			};
			name = Debug;
		};
		847349272554E9E1009E7C66 /* Release */ = {
			isa = XCBuildConfiguration;
			buildSettings = {
				BUNDLE_LOADER = "$(TEST_HOST)";
				CODE_SIGN_STYLE = Automatic;
				DEVELOPMENT_TEAM = 83DYP84L8W;
				INFOPLIST_FILE = "Parsing-Json-Using-BundleTests/Info.plist";
				LD_RUNPATH_SEARCH_PATHS = (
					"$(inherited)",
					"@executable_path/Frameworks",
					"@loader_path/Frameworks",
				);
				PRODUCT_BUNDLE_IDENTIFIER = "Tsering-Lama.Parsing-Json-Using-BundleTests";
				PRODUCT_NAME = "$(TARGET_NAME)";
				SWIFT_VERSION = 5.0;
				TARGETED_DEVICE_FAMILY = "1,2";
				TEST_HOST = "$(BUILT_PRODUCTS_DIR)/Parsing-Json-Using-Bundle.app/Parsing-Json-Using-Bundle";
			};
			name = Release;
		};
/* End XCBuildConfiguration section */

/* Begin XCConfigurationList section */
		847348F72554E81F009E7C66 /* Build configuration list for PBXProject "Parsing-Json-Using-Bundle" */ = {
			isa = XCConfigurationList;
			buildConfigurations = (
				8473490E2554E821009E7C66 /* Debug */,
				8473490F2554E821009E7C66 /* Release */,
			);
			defaultConfigurationIsVisible = 0;
			defaultConfigurationName = Release;
		};
		847349102554E821009E7C66 /* Build configuration list for PBXNativeTarget "Parsing-Json-Using-Bundle" */ = {
			isa = XCConfigurationList;
			buildConfigurations = (
				847349112554E821009E7C66 /* Debug */,
				847349122554E821009E7C66 /* Release */,
			);
			defaultConfigurationIsVisible = 0;
			defaultConfigurationName = Release;
		};
		847349252554E9E1009E7C66 /* Build configuration list for PBXNativeTarget "Parsing-Json-Using-BundleTests" */ = {
			isa = XCConfigurationList;
			buildConfigurations = (
				847349262554E9E1009E7C66 /* Debug */,
				847349272554E9E1009E7C66 /* Release */,
			);
			defaultConfigurationIsVisible = 0;
			defaultConfigurationName = Release;
		};
/* End XCConfigurationList section */
	};
	rootObject = 847348F42554E81F009E7C66 /* Project object */;
}
